<?xml version="1.0" encoding="utf-8"?>
<Project ToolsVersion="4.0" xmlns="http://schemas.microsoft.com/developer/msbuild/2003">
  <ItemGroup>
    <Filter Include="소스 파일">
      <UniqueIdentifier>{4FC737F1-C7A5-4376-A066-2A32D752A2FF}</UniqueIdentifier>
      <Extensions>cpp;c;cc;cxx;c++;cppm;ixx;def;odl;idl;hpj;bat;asm;asmx</Extensions>
    </Filter>
    <Filter Include="헤더 파일">
      <UniqueIdentifier>{93995380-89BD-4b04-88EB-625FBE52EBFB}</UniqueIdentifier>
      <Extensions>h;hh;hpp;hxx;h++;hm;inl;inc;ipp;xsd</Extensions>
    </Filter>
    <Filter Include="리소스 파일">
      <UniqueIdentifier>{67DA6AB6-F800-4c08-8B7A-83BB121AAD01}</UniqueIdentifier>
      <Extensions>rc;ico;cur;bmp;dlg;rc2;rct;bin;rgs;gif;jpg;jpeg;jpe;resx;tiff;tif;png;wav;mfcribbon-ms</Extensions>
    </Filter>
  </ItemGroup>
  <ItemGroup>
    <ClCompile Include="게리형.cpp">
      <Filter>리소스 파일</Filter>
    </ClCompile>
    <ClCompile Include="1,2,3더하기 3.cpp">
      <Filter>리소스 파일</Filter>
    </ClCompile>
    <ClCompile Include="최소공배수.cpp">
      <Filter>리소스 파일</Filter>
    </ClCompile>
    <ClCompile Include="랜선자르기.cpp">
      <Filter>리소스 파일</Filter>
    </ClCompile>
    <ClCompile Include="좌석배치.cpp">
      <Filter>리소스 파일</Filter>
    </ClCompile>
    <ClCompile Include="달팽이는 올라가고싶다.cpp">
      <Filter>리소스 파일</Filter>
    </ClCompile>
    <ClCompile Include="gcd합.cpp">
      <Filter>리소스 파일</Filter>
    </ClCompile>
    <ClCompile Include="회의실배정.cpp">
      <Filter>리소스 파일</Filter>
    </ClCompile>
    <ClCompile Include="트리.cpp">
      <Filter>리소스 파일</Filter>
    </ClCompile>
    <ClCompile Include="트리의순환.cpp">
      <Filter>리소스 파일</Filter>
    </ClCompile>
    <ClCompile Include="트리2.cpp">
      <Filter>리소스 파일</Filter>
    </ClCompile>
    <ClCompile Include="트리의높이와넓이.cpp">
      <Filter>리소스 파일</Filter>
    </ClCompile>
    <ClCompile Include="양구출작전!.cpp">
      <Filter>리소스 파일</Filter>
    </ClCompile>
    <ClCompile Include="sns사회망서비스.cpp">
      <Filter>리소스 파일</Filter>
    </ClCompile>
    <ClCompile Include="우수마을.cpp">
      <Filter>리소스 파일</Filter>
    </ClCompile>
    <ClCompile Include="ucpc.cpp">
      <Filter>리소스 파일</Filter>
    </ClCompile>
    <ClCompile Include="트리의지름2.cpp">
      <Filter>리소스 파일</Filter>
    </ClCompile>
    <ClCompile Include="로봇.cpp">
      <Filter>리소스 파일</Filter>
    </ClCompile>
    <ClCompile Include="벽부수기2.cpp">
      <Filter>리소스 파일</Filter>
    </ClCompile>
    <ClCompile Include="트리색칭.cpp">
      <Filter>리소스 파일</Filter>
    </ClCompile>
    <ClCompile Include="트리부모.cpp">
      <Filter>리소스 파일</Filter>
    </ClCompile>
    <ClCompile Include="헛간찾기.cpp">
      <Filter>리소스 파일</Filter>
    </ClCompile>
    <ClCompile Include="완전이진트리.cpp">
      <Filter>리소스 파일</Filter>
    </ClCompile>
    <ClCompile Include="나무탈출.cpp">
      <Filter>리소스 파일</Filter>
    </ClCompile>
    <ClCompile Include="비숍.cpp">
      <Filter>리소스 파일</Filter>
    </ClCompile>
    <ClCompile Include="미로탈출.cpp">
      <Filter>리소스 파일</Filter>
    </ClCompile>
    <ClCompile Include="외판원순회.cpp">
      <Filter>리소스 파일</Filter>
    </ClCompile>
    <ClCompile Include="히스토그램.cpp">
      <Filter>리소스 파일</Filter>
    </ClCompile>
    <ClCompile Include="구간합구하기(세그).cpp">
      <Filter>리소스 파일</Filter>
    </ClCompile>
    <ClCompile Include="최소값 최댓값.cpp">
      <Filter>리소스 파일</Filter>
    </ClCompile>
    <ClCompile Include="다리만들기 2.cpp">
      <Filter>리소스 파일</Filter>
    </ClCompile>
    <ClCompile Include="PPAP.cpp">
      <Filter>리소스 파일</Filter>
    </ClCompile>
    <ClCompile Include="연료채우기%28다시풀기%29.cpp">
      <Filter>리소스 파일</Filter>
    </ClCompile>
    <ClCompile Include="보석도두.cpp">
      <Filter>리소스 파일</Filter>
    </ClCompile>
    <ClCompile Include="책 나눠주기 .cpp">
      <Filter>리소스 파일</Filter>
    </ClCompile>
    <ClCompile Include="멀티탭 스케줄링.cpp">
      <Filter>리소스 파일</Filter>
    </ClCompile>
    <ClCompile Include="숫자의 신.cpp">
      <Filter>리소스 파일</Filter>
    </ClCompile>
    <ClCompile Include="n과m%289%29.cpp">
      <Filter>리소스 파일</Filter>
    </ClCompile>
    <ClCompile Include="N과M(10).cpp">
      <Filter>리소스 파일</Filter>
    </ClCompile>
    <ClCompile Include="N과M(11).cpp">
      <Filter>리소스 파일</Filter>
    </ClCompile>
    <ClCompile Include="N과M(12).cpp">
      <Filter>리소스 파일</Filter>
    </ClCompile>
    <ClCompile Include="Secret Sharing.cpp">
      <Filter>리소스 파일</Filter>
    </ClCompile>
    <ClCompile Include="사분면고르기.cpp">
      <Filter>리소스 파일</Filter>
    </ClCompile>
    <ClCompile Include="별찍기.cpp">
      <Filter>리소스 파일</Filter>
    </ClCompile>
    <ClCompile Include="숫자의개수.cpp">
      <Filter>리소스 파일</Filter>
    </ClCompile>
    <ClCompile Include="빠른 A+B.cpp">
      <Filter>리소스 파일</Filter>
    </ClCompile>
    <ClCompile Include="단어공부.cpp">
      <Filter>리소스 파일</Filter>
    </ClCompile>
    <ClCompile Include="삼각달팽이(프로그래머스).cpp">
      <Filter>리소스 파일</Filter>
    </ClCompile>
    <ClCompile Include="짝수행세기.cpp">
      <Filter>리소스 파일</Filter>
    </ClCompile>
    <ClCompile Include="벌집.cpp">
      <Filter>리소스 파일</Filter>
    </ClCompile>
    <ClCompile Include="배추.cpp">
      <Filter>리소스 파일</Filter>
    </ClCompile>
    <ClCompile Include="소스1.cpp">
      <Filter>리소스 파일</Filter>
    </ClCompile>
    <ClCompile Include="수들의합.cpp">
      <Filter>리소스 파일</Filter>
    </ClCompile>
    <ClCompile Include="소수 회문(Panlindrom).cpp">
      <Filter>리소스 파일</Filter>
    </ClCompile>
    <ClCompile Include="당구게임리드.cpp">
      <Filter>리소스 파일</Filter>
    </ClCompile>
    <ClCompile Include="KPU학생임원선거.cpp">
      <Filter>리소스 파일</Filter>
    </ClCompile>
    <ClCompile Include="KPU 보드 게임.cpp">
      <Filter>리소스 파일</Filter>
    </ClCompile>
    <ClCompile Include="불량송신기.cpp">
      <Filter>리소스 파일</Filter>
    </ClCompile>
    <ClCompile Include="순열의 주기.cpp">
      <Filter>리소스 파일</Filter>
    </ClCompile>
    <ClCompile Include="다음순열.cpp">
      <Filter>리소스 파일</Filter>
    </ClCompile>
    <ClCompile Include="숫자행정렬.cpp">
      <Filter>리소스 파일</Filter>
    </ClCompile>
    <ClCompile Include="KPU유권자목록의불일치.cpp">
      <Filter>리소스 파일</Filter>
    </ClCompile>
    <ClCompile Include="버킷브릿지.cpp">
      <Filter>리소스 파일</Filter>
    </ClCompile>
    <ClCompile Include="KPU스마트 팩토리.cpp">
      <Filter>리소스 파일</Filter>
    </ClCompile>
    <ClCompile Include="Yahtzee Small Straight.cpp">
      <Filter>리소스 파일</Filter>
    </ClCompile>
    <ClCompile Include="토큰기계.cpp">
      <Filter>리소스 파일</Filter>
    </ClCompile>
    <ClCompile Include="등굣길.cpp">
      <Filter>리소스 파일</Filter>
    </ClCompile>
    <ClCompile Include="베스트앨범.cpp">
      <Filter>리소스 파일</Filter>
    </ClCompile>
    <ClCompile Include="KPU 자율차 스케쥴링.cpp">
      <Filter>리소스 파일</Filter>
    </ClCompile>
    <ClCompile Include="마우수 미로.cpp">
      <Filter>리소스 파일</Filter>
    </ClCompile>
    <ClCompile Include="숫자찾기.cpp">
      <Filter>리소스 파일</Filter>
    </ClCompile>
    <ClCompile Include="KPU슈퍼히어로점프.cpp">
      <Filter>리소스 파일</Filter>
    </ClCompile>
    <ClCompile Include="16234_인구이동.cpp">
      <Filter>리소스 파일</Filter>
    </ClCompile>
    <ClCompile Include="셀프넘버.cpp">
      <Filter>리소스 파일</Filter>
    </ClCompile>
    <ClCompile Include="1904_01타일.cpp">
      <Filter>리소스 파일</Filter>
    </ClCompile>
    <ClCompile Include="20055.cpp">
      <Filter>리소스 파일</Filter>
    </ClCompile>
    <ClCompile Include="20056_마법사 상어와 파이어볼.cpp">
      <Filter>리소스 파일</Filter>
    </ClCompile>
    <ClCompile Include="16637_괄호 추가하기.cpp">
      <Filter>리소스 파일</Filter>
    </ClCompile>
    <ClCompile Include="20058_마법사 상어와 파이어스톰.cpp">
      <Filter>리소스 파일</Filter>
    </ClCompile>
    <ClCompile Include="레이저통신.cpp">
      <Filter>리소스 파일</Filter>
    </ClCompile>
    <ClCompile Include="NHN모의시험.cpp">
      <Filter>리소스 파일</Filter>
    </ClCompile>
    <ClCompile Include="New Year Chaos(해커랭크).cpp">
      <Filter>리소스 파일</Filter>
    </ClCompile>
    <ClCompile Include="array manipulation(해커랭크).cpp">
      <Filter>리소스 파일</Filter>
    </ClCompile>
    <ClCompile Include="2213_트리의 독립집합.cpp">
      <Filter>리소스 파일</Filter>
    </ClCompile>
    <ClCompile Include="14719_빗물.cpp">
      <Filter>리소스 파일</Filter>
    </ClCompile>
    <ClCompile Include="1662_압축%28미해결%29.cpp">
      <Filter>리소스 파일</Filter>
    </ClCompile>
    <ClCompile Include="2531_회전초밥.cpp">
      <Filter>리소스 파일</Filter>
    </ClCompile>
    <ClCompile Include="2003_수들의합.cpp">
      <Filter>리소스 파일</Filter>
    </ClCompile>
    <ClCompile Include="2230_수 고르기.cpp">
      <Filter>리소스 파일</Filter>
    </ClCompile>
    <ClCompile Include="1484_다이어트.cpp">
      <Filter>리소스 파일</Filter>
    </ClCompile>
    <ClCompile Include="11003_최솟값 찾기.cpp">
      <Filter>리소스 파일</Filter>
    </ClCompile>
    <ClCompile Include="2841_외계인의 기타 연주.cpp">
      <Filter>리소스 파일</Filter>
    </ClCompile>
    <ClCompile Include="3986_좋은단어.cpp">
      <Filter>리소스 파일</Filter>
    </ClCompile>
    <ClCompile Include="소트게임.cpp">
      <Filter>리소스 파일</Filter>
    </ClCompile>
    <ClCompile Include="응용확률4차과제.cpp">
      <Filter>리소스 파일</Filter>
    </ClCompile>
    <ClCompile Include="10799_쇠막대기.cpp">
      <Filter>리소스 파일</Filter>
    </ClCompile>
    <ClCompile Include="2304_창고다각형 .cpp">
      <Filter>리소스 파일</Filter>
    </ClCompile>
    <ClCompile Include="4889_안정적인 문자열.cpp">
      <Filter>리소스 파일</Filter>
    </ClCompile>
    <ClCompile Include="2493_탑.cpp">
      <Filter>리소스 파일</Filter>
    </ClCompile>
    <ClCompile Include="6918_옥상정원 꾸미기.cpp">
      <Filter>리소스 파일</Filter>
    </ClCompile>
    <ClCompile Include="해커랭크_minimumswap.cpp">
      <Filter>리소스 파일</Filter>
    </ClCompile>
    <ClCompile Include="2302_극장좌석.cpp">
      <Filter>리소스 파일</Filter>
    </ClCompile>
    <ClCompile Include="1965_상자넣기.cpp">
      <Filter>리소스 파일</Filter>
    </ClCompile>
    <ClCompile Include="11057_오르막수.cpp">
      <Filter>리소스 파일</Filter>
    </ClCompile>
    <ClCompile Include="2011_암호코드.cpp">
      <Filter>리소스 파일</Filter>
    </ClCompile>
    <ClCompile Include="2410_2의 멱수의 합.cpp">
      <Filter>리소스 파일</Filter>
    </ClCompile>
    <ClCompile Include="5582_공통 부분 문자열.cpp">
      <Filter>리소스 파일</Filter>
    </ClCompile>
    <ClCompile Include="월코테스트 3번.cpp">
      <Filter>리소스 파일</Filter>
    </ClCompile>
    <ClCompile Include="1005_ACM Craft.cpp">
      <Filter>리소스 파일</Filter>
    </ClCompile>
    <ClCompile Include="1647_도시분할.cpp">
      <Filter>리소스 파일</Filter>
    </ClCompile>
    <ClCompile Include="1987_알파벳.cpp">
      <Filter>리소스 파일</Filter>
    </ClCompile>
    <ClCompile Include="2056_작업.cpp">
      <Filter>리소스 파일</Filter>
    </ClCompile>
    <ClCompile Include="해커랭크_ICE Cream Parlor.cpp">
      <Filter>리소스 파일</Filter>
    </ClCompile>
    <ClCompile Include="1162_도로포장.cpp">
      <Filter>리소스 파일</Filter>
    </ClCompile>
    <ClCompile Include="1162_도로포장(2).cpp">
      <Filter>리소스 파일</Filter>
    </ClCompile>
    <ClCompile Include="1_우테코.cpp">
      <Filter>리소스 파일</Filter>
    </ClCompile>
    <ClCompile Include="11_우테코.cpp">
      <Filter>리소스 파일</Filter>
    </ClCompile>
    <ClCompile Include="111_우테코.cpp">
      <Filter>리소스 파일</Filter>
    </ClCompile>
    <ClCompile Include="1111-우테코.cpp">
      <Filter>리소스 파일</Filter>
    </ClCompile>
    <ClCompile Include="11111_우테코.cpp">
      <Filter>리소스 파일</Filter>
    </ClCompile>
    <ClCompile Include="111111_우테코.cpp">
      <Filter>리소스 파일</Filter>
    </ClCompile>
    <ClCompile Include="1111111_우테코.cpp">
      <Filter>리소스 파일</Filter>
    </ClCompile>
    <ClCompile Include="2623_음악프로그램.cpp">
      <Filter>리소스 파일</Filter>
    </ClCompile>
    <ClCompile Include="1766_문제집.cpp">
      <Filter>리소스 파일</Filter>
    </ClCompile>
    <ClCompile Include="3665_최종순위.cpp">
      <Filter>리소스 파일</Filter>
    </ClCompile>
    <ClCompile Include="9470_Strahler.cpp">
      <Filter>리소스 파일</Filter>
    </ClCompile>
    <ClCompile Include="2637_장난감조립.cpp">
      <Filter>리소스 파일</Filter>
    </ClCompile>
    <ClCompile Include="해커랭크_pairs.cpp">
      <Filter>리소스 파일</Filter>
    </ClCompile>
    <ClCompile Include="해커랭크_triple sum.cpp">
      <Filter>리소스 파일</Filter>
    </ClCompile>
    <ClCompile Include="해커랭크_swap nodes.cpp">
      <Filter>리소스 파일</Filter>
    </ClCompile>
    <ClCompile Include="해커랭크_배열 왼쪽회전.cpp">
      <Filter>리소스 파일</Filter>
    </ClCompile>
    <ClCompile Include="해커랭크-Minimum Time Requiredcpp.cpp">
      <Filter>리소스 파일</Filter>
    </ClCompile>
    <ClCompile Include="해커랭크%28미해결%29 maximum_sub array sum.cpp">
      <Filter>리소스 파일</Filter>
    </ClCompile>
    <ClCompile Include="1655_가운데를 말해요.cpp">
      <Filter>리소스 파일</Filter>
    </ClCompile>
    <ClCompile Include="3111_검열%28미해결%29.cpp">
      <Filter>리소스 파일</Filter>
    </ClCompile>
    <ClCompile Include="카카오 4.cpp">
      <Filter>리소스 파일</Filter>
    </ClCompile>
    <ClCompile Include="카카오5.cpp">
      <Filter>리소스 파일</Filter>
    </ClCompile>
    <ClCompile Include="9251_LCS.cpp">
      <Filter>리소스 파일</Filter>
    </ClCompile>
    <ClCompile Include="9252_LCS2.cpp">
      <Filter>리소스 파일</Filter>
    </ClCompile>
  </ItemGroup>
</Project>